
Microsoft Visual Studio Solution File, Format Version 12.00
# Visual Studio 15
VisualStudioVersion = 15.0.26730.16
MinimumVisualStudioVersion = 10.0.40219.1
Project("{FAE04EC0-301F-11D3-BF4B-00C04F79EFBC}") = "lab10_brian", "lab10_brian\lab10_brian.csproj", "{11466A95-817B-43B6-8F0B-AC3FD697E88E}"
EndProject
Global
	GlobalSection(SolutionConfigurationPlatforms) = preSolution
		Debug|Any CPU = Debug|Any CPU
		Release|Any CPU = Release|Any CPU
	EndGlobalSection
	GlobalSection(ProjectConfigurationPlatforms) = postSolution
		{11466A95-817B-43B6-8F0B-AC3FD697E88E}.Debug|Any CPU.ActiveCfg = Debug|Any CPU
		{11466A95-817B-43B6-8F0B-AC3FD697E88E}.Debug|Any CPU.Build.0 = Debug|Any CPU
		{11466A95-817B-43B6-8F0B-AC3FD697E88E}.Release|Any CPU.ActiveCfg = Release|Any CPU
		{11466A95-817B-43B6-8F0B-AC3FD697E88E}.Release|Any CPU.Build.0 = Release|Any CPU
	EndGlobalSection
	GlobalSection(SolutionProperties) = preSolution
		HideSolutionNode = FALSE
	EndGlobalSection
	GlobalSection(ExtensibilityGlobals) = postSolution
		SolutionGuid = {6D917D0D-66F3-4E98-9BE3-79221E34108B}
	EndGlobalSection
EndGlobal
